// !$*UTF8*$!
{
	archiveVersion = 1;
	classes = {
	};
	objectVersion = 56;
	objects = {

/* Begin PBXBuildFile section */
		4458A225C4A8937D4562DA73 /* Pods_test_bitrise_app.framework in Frameworks */ = {isa = PBXBuildFile; fileRef = 228EBB910FAE5E97820F4114 /* Pods_test_bitrise_app.framework */; };
		86549A853B96DE602B1292FD /* Pods_test_bitrise_appTests.framework in Frameworks */ = {isa = PBXBuildFile; fileRef = 7942F6C10D6624BBCB36B357 /* Pods_test_bitrise_appTests.framework */; };
		8B022C422A14086500A08669 /* test_bitrise_appApp.swift in Sources */ = {isa = PBXBuildFile; fileRef = 8B022C412A14086500A08669 /* test_bitrise_appApp.swift */; };
		8B022C442A14086500A08669 /* ContentView.swift in Sources */ = {isa = PBXBuildFile; fileRef = 8B022C432A14086500A08669 /* ContentView.swift */; };
		8B022C462A14086600A08669 /* Assets.xcassets in Resources */ = {isa = PBXBuildFile; fileRef = 8B022C452A14086600A08669 /* Assets.xcassets */; };
		8B022C4A2A14086600A08669 /* Preview Assets.xcassets in Resources */ = {isa = PBXBuildFile; fileRef = 8B022C492A14086600A08669 /* Preview Assets.xcassets */; };
		8B022C542A14086700A08669 /* test_bitrise_appTests.swift in Sources */ = {isa = PBXBuildFile; fileRef = 8B022C532A14086700A08669 /* test_bitrise_appTests.swift */; };
		8B022C5E2A14086700A08669 /* test_bitrise_appUITests.swift in Sources */ = {isa = PBXBuildFile; fileRef = 8B022C5D2A14086700A08669 /* test_bitrise_appUITests.swift */; };
		8B022C602A14086700A08669 /* test_bitrise_appUITestsLaunchTests.swift in Sources */ = {isa = PBXBuildFile; fileRef = 8B022C5F2A14086700A08669 /* test_bitrise_appUITestsLaunchTests.swift */; };
		D3BFCF07B388259A80200B9D /* Pods_test_bitrise_app_test_bitrise_appUITests.framework in Frameworks */ = {isa = PBXBuildFile; fileRef = BC10C062F45DEE8BE66DD952 /* Pods_test_bitrise_app_test_bitrise_appUITests.framework */; };
/* End PBXBuildFile section */

/* Begin PBXContainerItemProxy section */
		8B022C502A14086700A08669 /* PBXContainerItemProxy */ = {
			isa = PBXContainerItemProxy;
			containerPortal = 8B022C362A14086500A08669 /* Project object */;
			proxyType = 1;
			remoteGlobalIDString = 8B022C3D2A14086500A08669;
			remoteInfo = test_bitrise_app;
		};
		8B022C5A2A14086700A08669 /* PBXContainerItemProxy */ = {
			isa = PBXContainerItemProxy;
			containerPortal = 8B022C362A14086500A08669 /* Project object */;
			proxyType = 1;
			remoteGlobalIDString = 8B022C3D2A14086500A08669;
			remoteInfo = test_bitrise_app;
		};
/* End PBXContainerItemProxy section */

/* Begin PBXFileReference section */
		228EBB910FAE5E97820F4114 /* Pods_test_bitrise_app.framework */ = {isa = PBXFileReference; explicitFileType = wrapper.framework; includeInIndex = 0; path = Pods_test_bitrise_app.framework; sourceTree = BUILT_PRODUCTS_DIR; };
		7942F6C10D6624BBCB36B357 /* Pods_test_bitrise_appTests.framework */ = {isa = PBXFileReference; explicitFileType = wrapper.framework; includeInIndex = 0; path = Pods_test_bitrise_appTests.framework; sourceTree = BUILT_PRODUCTS_DIR; };
		8B022C3E2A14086500A08669 /* test_bitrise_app.app */ = {isa = PBXFileReference; explicitFileType = wrapper.application; includeInIndex = 0; path = test_bitrise_app.app; sourceTree = BUILT_PRODUCTS_DIR; };
		8B022C412A14086500A08669 /* test_bitrise_appApp.swift */ = {isa = PBXFileReference; lastKnownFileType = sourcecode.swift; path = test_bitrise_appApp.swift; sourceTree = "<group>"; };
		8B022C432A14086500A08669 /* ContentView.swift */ = {isa = PBXFileReference; lastKnownFileType = sourcecode.swift; path = ContentView.swift; sourceTree = "<group>"; };
		8B022C452A14086600A08669 /* Assets.xcassets */ = {isa = PBXFileReference; lastKnownFileType = folder.assetcatalog; path = Assets.xcassets; sourceTree = "<group>"; };
		8B022C472A14086600A08669 /* test_bitrise_app.entitlements */ = {isa = PBXFileReference; lastKnownFileType = text.plist.entitlements; path = test_bitrise_app.entitlements; sourceTree = "<group>"; };
		8B022C492A14086600A08669 /* Preview Assets.xcassets */ = {isa = PBXFileReference; lastKnownFileType = folder.assetcatalog; path = "Preview Assets.xcassets"; sourceTree = "<group>"; };
		8B022C4F2A14086700A08669 /* test_bitrise_appTests.xctest */ = {isa = PBXFileReference; explicitFileType = wrapper.cfbundle; includeInIndex = 0; path = test_bitrise_appTests.xctest; sourceTree = BUILT_PRODUCTS_DIR; };
		8B022C532A14086700A08669 /* test_bitrise_appTests.swift */ = {isa = PBXFileReference; lastKnownFileType = sourcecode.swift; path = test_bitrise_appTests.swift; sourceTree = "<group>"; };
		8B022C592A14086700A08669 /* test_bitrise_appUITests.xctest */ = {isa = PBXFileReference; explicitFileType = wrapper.cfbundle; includeInIndex = 0; path = test_bitrise_appUITests.xctest; sourceTree = BUILT_PRODUCTS_DIR; };
		8B022C5D2A14086700A08669 /* test_bitrise_appUITests.swift */ = {isa = PBXFileReference; lastKnownFileType = sourcecode.swift; path = test_bitrise_appUITests.swift; sourceTree = "<group>"; };
		8B022C5F2A14086700A08669 /* test_bitrise_appUITestsLaunchTests.swift */ = {isa = PBXFileReference; lastKnownFileType = sourcecode.swift; path = test_bitrise_appUITestsLaunchTests.swift; sourceTree = "<group>"; };
		AF752E86F73C9CE10819257A /* Pods-test_bitrise_app-test_bitrise_appUITests.release.xcconfig */ = {isa = PBXFileReference; includeInIndex = 1; lastKnownFileType = text.xcconfig; name = "Pods-test_bitrise_app-test_bitrise_appUITests.release.xcconfig"; path = "Target Support Files/Pods-test_bitrise_app-test_bitrise_appUITests/Pods-test_bitrise_app-test_bitrise_appUITests.release.xcconfig"; sourceTree = "<group>"; };
		BC10C062F45DEE8BE66DD952 /* Pods_test_bitrise_app_test_bitrise_appUITests.framework */ = {isa = PBXFileReference; explicitFileType = wrapper.framework; includeInIndex = 0; path = Pods_test_bitrise_app_test_bitrise_appUITests.framework; sourceTree = BUILT_PRODUCTS_DIR; };
		BE35F7C6406B04806A643CFB /* Pods-test_bitrise_app.release.xcconfig */ = {isa = PBXFileReference; includeInIndex = 1; lastKnownFileType = text.xcconfig; name = "Pods-test_bitrise_app.release.xcconfig"; path = "Target Support Files/Pods-test_bitrise_app/Pods-test_bitrise_app.release.xcconfig"; sourceTree = "<group>"; };
		C92978DCA1AB3D573C40B369 /* Pods-test_bitrise_app.debug.xcconfig */ = {isa = PBXFileReference; includeInIndex = 1; lastKnownFileType = text.xcconfig; name = "Pods-test_bitrise_app.debug.xcconfig"; path = "Target Support Files/Pods-test_bitrise_app/Pods-test_bitrise_app.debug.xcconfig"; sourceTree = "<group>"; };
		D498CD7BC17F49C81ED8A2F9 /* Pods-test_bitrise_app-test_bitrise_appUITests.debug.xcconfig */ = {isa = PBXFileReference; includeInIndex = 1; lastKnownFileType = text.xcconfig; name = "Pods-test_bitrise_app-test_bitrise_appUITests.debug.xcconfig"; path = "Target Support Files/Pods-test_bitrise_app-test_bitrise_appUITests/Pods-test_bitrise_app-test_bitrise_appUITests.debug.xcconfig"; sourceTree = "<group>"; };
		F936E9A498019BB6CF94F25D /* Pods-test_bitrise_appTests.release.xcconfig */ = {isa = PBXFileReference; includeInIndex = 1; lastKnownFileType = text.xcconfig; name = "Pods-test_bitrise_appTests.release.xcconfig"; path = "Target Support Files/Pods-test_bitrise_appTests/Pods-test_bitrise_appTests.release.xcconfig"; sourceTree = "<group>"; };
		FFA100BDD3EA2F834E98660F /* Pods-test_bitrise_appTests.debug.xcconfig */ = {isa = PBXFileReference; includeInIndex = 1; lastKnownFileType = text.xcconfig; name = "Pods-test_bitrise_appTests.debug.xcconfig"; path = "Target Support Files/Pods-test_bitrise_appTests/Pods-test_bitrise_appTests.debug.xcconfig"; sourceTree = "<group>"; };
/* End PBXFileReference section */

/* Begin PBXFrameworksBuildPhase section */
		8B022C3B2A14086500A08669 /* Frameworks */ = {
			isa = PBXFrameworksBuildPhase;
			buildActionMask = 2147483647;
			files = (
				4458A225C4A8937D4562DA73 /* Pods_test_bitrise_app.framework in Frameworks */,
			);
			runOnlyForDeploymentPostprocessing = 0;
		};
		8B022C4C2A14086700A08669 /* Frameworks */ = {
			isa = PBXFrameworksBuildPhase;
			buildActionMask = 2147483647;
			files = (
				86549A853B96DE602B1292FD /* Pods_test_bitrise_appTests.framework in Frameworks */,
			);
			runOnlyForDeploymentPostprocessing = 0;
		};
		8B022C562A14086700A08669 /* Frameworks */ = {
			isa = PBXFrameworksBuildPhase;
			buildActionMask = 2147483647;
			files = (
				D3BFCF07B388259A80200B9D /* Pods_test_bitrise_app_test_bitrise_appUITests.framework in Frameworks */,
			);
			runOnlyForDeploymentPostprocessing = 0;
		};
/* End PBXFrameworksBuildPhase section */

/* Begin PBXGroup section */
		2CDACA9C1BE14A0A74373BFE /* Frameworks */ = {
			isa = PBXGroup;
			children = (
				228EBB910FAE5E97820F4114 /* Pods_test_bitrise_app.framework */,
				BC10C062F45DEE8BE66DD952 /* Pods_test_bitrise_app_test_bitrise_appUITests.framework */,
				7942F6C10D6624BBCB36B357 /* Pods_test_bitrise_appTests.framework */,
			);
			name = Frameworks;
			sourceTree = "<group>";
		};
		38E296FBEC0A184F14329C05 /* Pods */ = {
			isa = PBXGroup;
			children = (
				C92978DCA1AB3D573C40B369 /* Pods-test_bitrise_app.debug.xcconfig */,
				BE35F7C6406B04806A643CFB /* Pods-test_bitrise_app.release.xcconfig */,
				D498CD7BC17F49C81ED8A2F9 /* Pods-test_bitrise_app-test_bitrise_appUITests.debug.xcconfig */,
				AF752E86F73C9CE10819257A /* Pods-test_bitrise_app-test_bitrise_appUITests.release.xcconfig */,
				FFA100BDD3EA2F834E98660F /* Pods-test_bitrise_appTests.debug.xcconfig */,
				F936E9A498019BB6CF94F25D /* Pods-test_bitrise_appTests.release.xcconfig */,
			);
			name = Pods;
			path = Pods;
			sourceTree = "<group>";
		};
		8B022C352A14086500A08669 = {
			isa = PBXGroup;
			children = (
				8B022C402A14086500A08669 /* test_bitrise_app */,
				8B022C522A14086700A08669 /* test_bitrise_appTests */,
				8B022C5C2A14086700A08669 /* test_bitrise_appUITests */,
				8B022C3F2A14086500A08669 /* Products */,
				38E296FBEC0A184F14329C05 /* Pods */,
				2CDACA9C1BE14A0A74373BFE /* Frameworks */,
			);
			sourceTree = "<group>";
		};
		8B022C3F2A14086500A08669 /* Products */ = {
			isa = PBXGroup;
			children = (
				8B022C3E2A14086500A08669 /* test_bitrise_app.app */,
				8B022C4F2A14086700A08669 /* test_bitrise_appTests.xctest */,
				8B022C592A14086700A08669 /* test_bitrise_appUITests.xctest */,
			);
			name = Products;
			sourceTree = "<group>";
		};
		8B022C402A14086500A08669 /* test_bitrise_app */ = {
			isa = PBXGroup;
			children = (
				8B022C412A14086500A08669 /* test_bitrise_appApp.swift */,
				8B022C432A14086500A08669 /* ContentView.swift */,
				8B022C452A14086600A08669 /* Assets.xcassets */,
				8B022C472A14086600A08669 /* test_bitrise_app.entitlements */,
				8B022C482A14086600A08669 /* Preview Content */,
			);
			path = test_bitrise_app;
			sourceTree = "<group>";
		};
		8B022C482A14086600A08669 /* Preview Content */ = {
			isa = PBXGroup;
			children = (
				8B022C492A14086600A08669 /* Preview Assets.xcassets */,
			);
			path = "Preview Content";
			sourceTree = "<group>";
		};
		8B022C522A14086700A08669 /* test_bitrise_appTests */ = {
			isa = PBXGroup;
			children = (
				8B022C532A14086700A08669 /* test_bitrise_appTests.swift */,
			);
			path = test_bitrise_appTests;
			sourceTree = "<group>";
		};
		8B022C5C2A14086700A08669 /* test_bitrise_appUITests */ = {
			isa = PBXGroup;
			children = (
				8B022C5D2A14086700A08669 /* test_bitrise_appUITests.swift */,
				8B022C5F2A14086700A08669 /* test_bitrise_appUITestsLaunchTests.swift */,
			);
			path = test_bitrise_appUITests;
			sourceTree = "<group>";
		};
/* End PBXGroup section */

/* Begin PBXNativeTarget section */
		8B022C3D2A14086500A08669 /* test_bitrise_app */ = {
			isa = PBXNativeTarget;
			buildConfigurationList = 8B022C632A14086700A08669 /* Build configuration list for PBXNativeTarget "test_bitrise_app" */;
			buildPhases = (
				32D0AF620EB8CBF599055E3F /* [CP] Check Pods Manifest.lock */,
				8B022C3A2A14086500A08669 /* Sources */,
				8B022C3B2A14086500A08669 /* Frameworks */,
				8B022C3C2A14086500A08669 /* Resources */,
				40F73063FA07B58911F3AE47 /* [CP] Embed Pods Frameworks */,
			);
			buildRules = (
			);
			dependencies = (
			);
			name = test_bitrise_app;
			productName = test_bitrise_app;
			productReference = 8B022C3E2A14086500A08669 /* test_bitrise_app.app */;
			productType = "com.apple.product-type.application";
		};
		8B022C4E2A14086700A08669 /* test_bitrise_appTests */ = {
			isa = PBXNativeTarget;
			buildConfigurationList = 8B022C662A14086700A08669 /* Build configuration list for PBXNativeTarget "test_bitrise_appTests" */;
			buildPhases = (
				E8CE1CF1FD7640C28B74E2F8 /* [CP] Check Pods Manifest.lock */,
				8B022C4B2A14086700A08669 /* Sources */,
				8B022C4C2A14086700A08669 /* Frameworks */,
				8B022C4D2A14086700A08669 /* Resources */,
			);
			buildRules = (
			);
			dependencies = (
				8B022C512A14086700A08669 /* PBXTargetDependency */,
			);
			name = test_bitrise_appTests;
			productName = test_bitrise_appTests;
			productReference = 8B022C4F2A14086700A08669 /* test_bitrise_appTests.xctest */;
			productType = "com.apple.product-type.bundle.unit-test";
		};
		8B022C582A14086700A08669 /* test_bitrise_appUITests */ = {
			isa = PBXNativeTarget;
			buildConfigurationList = 8B022C692A14086700A08669 /* Build configuration list for PBXNativeTarget "test_bitrise_appUITests" */;
			buildPhases = (
				0C0143B536E605A349C35AEF /* [CP] Check Pods Manifest.lock */,
				8B022C552A14086700A08669 /* Sources */,
				8B022C562A14086700A08669 /* Frameworks */,
				8B022C572A14086700A08669 /* Resources */,
				01461A9020E151B5EA12EEFA /* [CP] Embed Pods Frameworks */,
			);
			buildRules = (
			);
			dependencies = (
				8B022C5B2A14086700A08669 /* PBXTargetDependency */,
			);
			name = test_bitrise_appUITests;
			productName = test_bitrise_appUITests;
			productReference = 8B022C592A14086700A08669 /* test_bitrise_appUITests.xctest */;
			productType = "com.apple.product-type.bundle.ui-testing";
		};
/* End PBXNativeTarget section */

/* Begin PBXProject section */
		8B022C362A14086500A08669 /* Project object */ = {
			isa = PBXProject;
			attributes = {
				BuildIndependentTargetsInParallel = 1;
				LastSwiftUpdateCheck = 1430;
				LastUpgradeCheck = 1430;
				TargetAttributes = {
					8B022C3D2A14086500A08669 = {
						CreatedOnToolsVersion = 14.3;
					};
					8B022C4E2A14086700A08669 = {
						CreatedOnToolsVersion = 14.3;
						TestTargetID = 8B022C3D2A14086500A08669;
					};
					8B022C582A14086700A08669 = {
						CreatedOnToolsVersion = 14.3;
						TestTargetID = 8B022C3D2A14086500A08669;
					};
				};
			};
			buildConfigurationList = 8B022C392A14086500A08669 /* Build configuration list for PBXProject "test_bitrise_app" */;
			compatibilityVersion = "Xcode 14.0";
			developmentRegion = en;
			hasScannedForEncodings = 0;
			knownRegions = (
				en,
				Base,
			);
			mainGroup = 8B022C352A14086500A08669;
			productRefGroup = 8B022C3F2A14086500A08669 /* Products */;
			projectDirPath = "";
			projectRoot = "";
			targets = (
				8B022C3D2A14086500A08669 /* test_bitrise_app */,
				8B022C4E2A14086700A08669 /* test_bitrise_appTests */,
				8B022C582A14086700A08669 /* test_bitrise_appUITests */,
			);
		};
/* End PBXProject section */

/* Begin PBXResourcesBuildPhase section */
		8B022C3C2A14086500A08669 /* Resources */ = {
			isa = PBXResourcesBuildPhase;
			buildActionMask = 2147483647;
			files = (
				8B022C4A2A14086600A08669 /* Preview Assets.xcassets in Resources */,
				8B022C462A14086600A08669 /* Assets.xcassets in Resources */,
			);
			runOnlyForDeploymentPostprocessing = 0;
		};
		8B022C4D2A14086700A08669 /* Resources */ = {
			isa = PBXResourcesBuildPhase;
			buildActionMask = 2147483647;
			files = (
			);
			runOnlyForDeploymentPostprocessing = 0;
		};
		8B022C572A14086700A08669 /* Resources */ = {
			isa = PBXResourcesBuildPhase;
			buildActionMask = 2147483647;
			files = (
			);
			runOnlyForDeploymentPostprocessing = 0;
		};
/* End PBXResourcesBuildPhase section */

/* Begin PBXShellScriptBuildPhase section */
		01461A9020E151B5EA12EEFA /* [CP] Embed Pods Frameworks */ = {
			isa = PBXShellScriptBuildPhase;
			buildActionMask = 2147483647;
			files = (
			);
			inputFileListPaths = (
				"${PODS_ROOT}/Target Support Files/Pods-test_bitrise_app-test_bitrise_appUITests/Pods-test_bitrise_app-test_bitrise_appUITests-frameworks-${CONFIGURATION}-input-files.xcfilelist",
			);
			name = "[CP] Embed Pods Frameworks";
			outputFileListPaths = (
				"${PODS_ROOT}/Target Support Files/Pods-test_bitrise_app-test_bitrise_appUITests/Pods-test_bitrise_app-test_bitrise_appUITests-frameworks-${CONFIGURATION}-output-files.xcfilelist",
			);
			runOnlyForDeploymentPostprocessing = 0;
			shellPath = /bin/sh;
			shellScript = "\"${PODS_ROOT}/Target Support Files/Pods-test_bitrise_app-test_bitrise_appUITests/Pods-test_bitrise_app-test_bitrise_appUITests-frameworks.sh\"\n";
			showEnvVarsInLog = 0;
		};
		0C0143B536E605A349C35AEF /* [CP] Check Pods Manifest.lock */ = {
			isa = PBXShellScriptBuildPhase;
			buildActionMask = 2147483647;
			files = (
			);
			inputFileListPaths = (
			);
			inputPaths = (
				"${PODS_PODFILE_DIR_PATH}/Podfile.lock",
				"${PODS_ROOT}/Manifest.lock",
			);
			name = "[CP] Check Pods Manifest.lock";
			outputFileListPaths = (
			);
			outputPaths = (
				"$(DERIVED_FILE_DIR)/Pods-test_bitrise_app-test_bitrise_appUITests-checkManifestLockResult.txt",
			);
			runOnlyForDeploymentPostprocessing = 0;
			shellPath = /bin/sh;
			shellScript = "diff \"${PODS_PODFILE_DIR_PATH}/Podfile.lock\" \"${PODS_ROOT}/Manifest.lock\" > /dev/null\nif [ $? != 0 ] ; then\n    # print error to STDERR\n    echo \"error: The sandbox is not in sync with the Podfile.lock. Run 'pod install' or update your CocoaPods installation.\" >&2\n    exit 1\nfi\n# This output is used by Xcode 'outputs' to avoid re-running this script phase.\necho \"SUCCESS\" > \"${SCRIPT_OUTPUT_FILE_0}\"\n";
			showEnvVarsInLog = 0;
		};
		32D0AF620EB8CBF599055E3F /* [CP] Check Pods Manifest.lock */ = {
			isa = PBXShellScriptBuildPhase;
			buildActionMask = 2147483647;
			files = (
			);
			inputFileListPaths = (
			);
			inputPaths = (
				"${PODS_PODFILE_DIR_PATH}/Podfile.lock",
				"${PODS_ROOT}/Manifest.lock",
			);
			name = "[CP] Check Pods Manifest.lock";
			outputFileListPaths = (
			);
			outputPaths = (
				"$(DERIVED_FILE_DIR)/Pods-test_bitrise_app-checkManifestLockResult.txt",
			);
			runOnlyForDeploymentPostprocessing = 0;
			shellPath = /bin/sh;
			shellScript = "diff \"${PODS_PODFILE_DIR_PATH}/Podfile.lock\" \"${PODS_ROOT}/Manifest.lock\" > /dev/null\nif [ $? != 0 ] ; then\n    # print error to STDERR\n    echo \"error: The sandbox is not in sync with the Podfile.lock. Run 'pod install' or update your CocoaPods installation.\" >&2\n    exit 1\nfi\n# This output is used by Xcode 'outputs' to avoid re-running this script phase.\necho \"SUCCESS\" > \"${SCRIPT_OUTPUT_FILE_0}\"\n";
			showEnvVarsInLog = 0;
		};
		40F73063FA07B58911F3AE47 /* [CP] Embed Pods Frameworks */ = {
			isa = PBXShellScriptBuildPhase;
			buildActionMask = 2147483647;
			files = (
			);
			inputFileListPaths = (
				"${PODS_ROOT}/Target Support Files/Pods-test_bitrise_app/Pods-test_bitrise_app-frameworks-${CONFIGURATION}-input-files.xcfilelist",
			);
			name = "[CP] Embed Pods Frameworks";
			outputFileListPaths = (
				"${PODS_ROOT}/Target Support Files/Pods-test_bitrise_app/Pods-test_bitrise_app-frameworks-${CONFIGURATION}-output-files.xcfilelist",
			);
			runOnlyForDeploymentPostprocessing = 0;
			shellPath = /bin/sh;
			shellScript = "\"${PODS_ROOT}/Target Support Files/Pods-test_bitrise_app/Pods-test_bitrise_app-frameworks.sh\"\n";
			showEnvVarsInLog = 0;
		};
		E8CE1CF1FD7640C28B74E2F8 /* [CP] Check Pods Manifest.lock */ = {
			isa = PBXShellScriptBuildPhase;
			buildActionMask = 2147483647;
			files = (
			);
			inputFileListPaths = (
			);
			inputPaths = (
				"${PODS_PODFILE_DIR_PATH}/Podfile.lock",
				"${PODS_ROOT}/Manifest.lock",
			);
			name = "[CP] Check Pods Manifest.lock";
			outputFileListPaths = (
			);
			outputPaths = (
				"$(DERIVED_FILE_DIR)/Pods-test_bitrise_appTests-checkManifestLockResult.txt",
			);
			runOnlyForDeploymentPostprocessing = 0;
			shellPath = /bin/sh;
			shellScript = "diff \"${PODS_PODFILE_DIR_PATH}/Podfile.lock\" \"${PODS_ROOT}/Manifest.lock\" > /dev/null\nif [ $? != 0 ] ; then\n    # print error to STDERR\n    echo \"error: The sandbox is not in sync with the Podfile.lock. Run 'pod install' or update your CocoaPods installation.\" >&2\n    exit 1\nfi\n# This output is used by Xcode 'outputs' to avoid re-running this script phase.\necho \"SUCCESS\" > \"${SCRIPT_OUTPUT_FILE_0}\"\n";
			showEnvVarsInLog = 0;
		};
/* End PBXShellScriptBuildPhase section */

/* Begin PBXSourcesBuildPhase section */
		8B022C3A2A14086500A08669 /* Sources */ = {
			isa = PBXSourcesBuildPhase;
			buildActionMask = 2147483647;
			files = (
				8B022C442A14086500A08669 /* ContentView.swift in Sources */,
				8B022C422A14086500A08669 /* test_bitrise_appApp.swift in Sources */,
			);
			runOnlyForDeploymentPostprocessing = 0;
		};
		8B022C4B2A14086700A08669 /* Sources */ = {
			isa = PBXSourcesBuildPhase;
			buildActionMask = 2147483647;
			files = (
				8B022C542A14086700A08669 /* test_bitrise_appTests.swift in Sources */,
			);
			runOnlyForDeploymentPostprocessing = 0;
		};
		8B022C552A14086700A08669 /* Sources */ = {
			isa = PBXSourcesBuildPhase;
			buildActionMask = 2147483647;
			files = (
				8B022C5E2A14086700A08669 /* test_bitrise_appUITests.swift in Sources */,
				8B022C602A14086700A08669 /* test_bitrise_appUITestsLaunchTests.swift in Sources */,
			);
			runOnlyForDeploymentPostprocessing = 0;
		};
/* End PBXSourcesBuildPhase section */

/* Begin PBXTargetDependency section */
		8B022C512A14086700A08669 /* PBXTargetDependency */ = {
			isa = PBXTargetDependency;
			target = 8B022C3D2A14086500A08669 /* test_bitrise_app */;
			targetProxy = 8B022C502A14086700A08669 /* PBXContainerItemProxy */;
		};
		8B022C5B2A14086700A08669 /* PBXTargetDependency */ = {
			isa = PBXTargetDependency;
			target = 8B022C3D2A14086500A08669 /* test_bitrise_app */;
			targetProxy = 8B022C5A2A14086700A08669 /* PBXContainerItemProxy */;
		};
/* End PBXTargetDependency section */

/* Begin XCBuildConfiguration section */
		8B022C612A14086700A08669 /* Debug */ = {
			isa = XCBuildConfiguration;
			buildSettings = {
				ALWAYS_SEARCH_USER_PATHS = NO;
				CLANG_ANALYZER_NONNULL = YES;
				CLANG_ANALYZER_NUMBER_OBJECT_CONVERSION = YES_AGGRESSIVE;
				CLANG_CXX_LANGUAGE_STANDARD = "gnu++20";
				CLANG_ENABLE_MODULES = YES;
				CLANG_ENABLE_OBJC_ARC = YES;
				CLANG_ENABLE_OBJC_WEAK = YES;
				CLANG_WARN_BLOCK_CAPTURE_AUTORELEASING = YES;
				CLANG_WARN_BOOL_CONVERSION = YES;
				CLANG_WARN_COMMA = YES;
				CLANG_WARN_CONSTANT_CONVERSION = YES;
				CLANG_WARN_DEPRECATED_OBJC_IMPLEMENTATIONS = YES;
				CLANG_WARN_DIRECT_OBJC_ISA_USAGE = YES_ERROR;
				CLANG_WARN_DOCUMENTATION_COMMENTS = YES;
				CLANG_WARN_EMPTY_BODY = YES;
				CLANG_WARN_ENUM_CONVERSION = YES;
				CLANG_WARN_INFINITE_RECURSION = YES;
				CLANG_WARN_INT_CONVERSION = YES;
				CLANG_WARN_NON_LITERAL_NULL_CONVERSION = YES;
				CLANG_WARN_OBJC_IMPLICIT_RETAIN_SELF = YES;
				CLANG_WARN_OBJC_LITERAL_CONVERSION = YES;
				CLANG_WARN_OBJC_ROOT_CLASS = YES_ERROR;
				CLANG_WARN_QUOTED_INCLUDE_IN_FRAMEWORK_HEADER = YES;
				CLANG_WARN_RANGE_LOOP_ANALYSIS = YES;
				CLANG_WARN_STRICT_PROTOTYPES = YES;
				CLANG_WARN_SUSPICIOUS_MOVE = YES;
				CLANG_WARN_UNGUARDED_AVAILABILITY = YES_AGGRESSIVE;
				CLANG_WARN_UNREACHABLE_CODE = YES;
				CLANG_WARN__DUPLICATE_METHOD_MATCH = YES;
				COPY_PHASE_STRIP = NO;
				DEBUG_INFORMATION_FORMAT = dwarf;
				ENABLE_STRICT_OBJC_MSGSEND = YES;
				ENABLE_TESTABILITY = YES;
				GCC_C_LANGUAGE_STANDARD = gnu11;
				GCC_DYNAMIC_NO_PIC = NO;
				GCC_NO_COMMON_BLOCKS = YES;
				GCC_OPTIMIZATION_LEVEL = 0;
				GCC_PREPROCESSOR_DEFINITIONS = (
					"DEBUG=1",
					"$(inherited)",
				);
				GCC_WARN_64_TO_32_BIT_CONVERSION = YES;
				GCC_WARN_ABOUT_RETURN_TYPE = YES_ERROR;
				GCC_WARN_UNDECLARED_SELECTOR = YES;
				GCC_WARN_UNINITIALIZED_AUTOS = YES_AGGRESSIVE;
				GCC_WARN_UNUSED_FUNCTION = YES;
				GCC_WARN_UNUSED_VARIABLE = YES;
				MTL_ENABLE_DEBUG_INFO = INCLUDE_SOURCE;
				MTL_FAST_MATH = YES;
				ONLY_ACTIVE_ARCH = YES;
				SWIFT_ACTIVE_COMPILATION_CONDITIONS = DEBUG;
				SWIFT_OPTIMIZATION_LEVEL = "-Onone";
			};
			name = Debug;
		};
		8B022C622A14086700A08669 /* Release */ = {
			isa = XCBuildConfiguration;
			buildSettings = {
				ALWAYS_SEARCH_USER_PATHS = NO;
				CLANG_ANALYZER_NONNULL = YES;
				CLANG_ANALYZER_NUMBER_OBJECT_CONVERSION = YES_AGGRESSIVE;
				CLANG_CXX_LANGUAGE_STANDARD = "gnu++20";
				CLANG_ENABLE_MODULES = YES;
				CLANG_ENABLE_OBJC_ARC = YES;
				CLANG_ENABLE_OBJC_WEAK = YES;
				CLANG_WARN_BLOCK_CAPTURE_AUTORELEASING = YES;
				CLANG_WARN_BOOL_CONVERSION = YES;
				CLANG_WARN_COMMA = YES;
				CLANG_WARN_CONSTANT_CONVERSION = YES;
				CLANG_WARN_DEPRECATED_OBJC_IMPLEMENTATIONS = YES;
				CLANG_WARN_DIRECT_OBJC_ISA_USAGE = YES_ERROR;
				CLANG_WARN_DOCUMENTATION_COMMENTS = YES;
				CLANG_WARN_EMPTY_BODY = YES;
				CLANG_WARN_ENUM_CONVERSION = YES;
				CLANG_WARN_INFINITE_RECURSION = YES;
				CLANG_WARN_INT_CONVERSION = YES;
				CLANG_WARN_NON_LITERAL_NULL_CONVERSION = YES;
				CLANG_WARN_OBJC_IMPLICIT_RETAIN_SELF = YES;
				CLANG_WARN_OBJC_LITERAL_CONVERSION = YES;
				CLANG_WARN_OBJC_ROOT_CLASS = YES_ERROR;
				CLANG_WARN_QUOTED_INCLUDE_IN_FRAMEWORK_HEADER = YES;
				CLANG_WARN_RANGE_LOOP_ANALYSIS = YES;
				CLANG_WARN_STRICT_PROTOTYPES = YES;
				CLANG_WARN_SUSPICIOUS_MOVE = YES;
				CLANG_WARN_UNGUARDED_AVAILABILITY = YES_AGGRESSIVE;
				CLANG_WARN_UNREACHABLE_CODE = YES;
				CLANG_WARN__DUPLICATE_METHOD_MATCH = YES;
				COPY_PHASE_STRIP = NO;
				DEBUG_INFORMATION_FORMAT = "dwarf-with-dsym";
				ENABLE_NS_ASSERTIONS = NO;
				ENABLE_STRICT_OBJC_MSGSEND = YES;
				GCC_C_LANGUAGE_STANDARD = gnu11;
				GCC_NO_COMMON_BLOCKS = YES;
				GCC_WARN_64_TO_32_BIT_CONVERSION = YES;
				GCC_WARN_ABOUT_RETURN_TYPE = YES_ERROR;
				GCC_WARN_UNDECLARED_SELECTOR = YES;
				GCC_WARN_UNINITIALIZED_AUTOS = YES_AGGRESSIVE;
				GCC_WARN_UNUSED_FUNCTION = YES;
				GCC_WARN_UNUSED_VARIABLE = YES;
				MTL_ENABLE_DEBUG_INFO = NO;
				MTL_FAST_MATH = YES;
				SWIFT_COMPILATION_MODE = wholemodule;
				SWIFT_OPTIMIZATION_LEVEL = "-O";
			};
			name = Release;
		};
		8B022C642A14086700A08669 /* Debug */ = {
			isa = XCBuildConfiguration;
			baseConfigurationReference = C92978DCA1AB3D573C40B369 /* Pods-test_bitrise_app.debug.xcconfig */;
			buildSettings = {
				ASSETCATALOG_COMPILER_APPICON_NAME = AppIcon;
				ASSETCATALOG_COMPILER_GLOBAL_ACCENT_COLOR_NAME = AccentColor;
				CODE_SIGN_ENTITLEMENTS = test_bitrise_app/test_bitrise_app.entitlements;
				CODE_SIGN_STYLE = Automatic;
				CURRENT_PROJECT_VERSION = 1;
				DEVELOPMENT_ASSET_PATHS = "\"test_bitrise_app/Preview Content\"";
				DEVELOPMENT_TEAM = 72TUWWKZYJ;
				ENABLE_HARDENED_RUNTIME = YES;
				ENABLE_PREVIEWS = YES;
				GENERATE_INFOPLIST_FILE = YES;
				"INFOPLIST_KEY_UIApplicationSceneManifest_Generation[sdk=iphoneos*]" = YES;
				"INFOPLIST_KEY_UIApplicationSceneManifest_Generation[sdk=iphonesimulator*]" = YES;
				"INFOPLIST_KEY_UIApplicationSupportsIndirectInputEvents[sdk=iphoneos*]" = YES;
				"INFOPLIST_KEY_UIApplicationSupportsIndirectInputEvents[sdk=iphonesimulator*]" = YES;
				"INFOPLIST_KEY_UILaunchScreen_Generation[sdk=iphoneos*]" = YES;
				"INFOPLIST_KEY_UILaunchScreen_Generation[sdk=iphonesimulator*]" = YES;
				"INFOPLIST_KEY_UIStatusBarStyle[sdk=iphoneos*]" = UIStatusBarStyleDefault;
				"INFOPLIST_KEY_UIStatusBarStyle[sdk=iphonesimulator*]" = UIStatusBarStyleDefault;
				INFOPLIST_KEY_UISupportedInterfaceOrientations_iPad = "UIInterfaceOrientationPortrait UIInterfaceOrientationPortraitUpsideDown UIInterfaceOrientationLandscapeLeft UIInterfaceOrientationLandscapeRight";
				INFOPLIST_KEY_UISupportedInterfaceOrientations_iPhone = "UIInterfaceOrientationPortrait UIInterfaceOrientationLandscapeLeft UIInterfaceOrientationLandscapeRight";
				IPHONEOS_DEPLOYMENT_TARGET = 16.4;
				LD_RUNPATH_SEARCH_PATHS = "@executable_path/Frameworks";
				"LD_RUNPATH_SEARCH_PATHS[sdk=macosx*]" = "@executable_path/../Frameworks";
				MACOSX_DEPLOYMENT_TARGET = 13.2;
				MARKETING_VERSION = 1.0;
				PRODUCT_BUNDLE_IDENTIFIER = "com.eazage.test-bitrise-app";
				PRODUCT_NAME = "$(TARGET_NAME)";
				SDKROOT = auto;
				SUPPORTED_PLATFORMS = "iphoneos iphonesimulator macosx";
				SWIFT_EMIT_LOC_STRINGS = YES;
				SWIFT_VERSION = 5.0;
				TARGETED_DEVICE_FAMILY = "1,2";
			};
			name = Debug;
		};
		8B022C652A14086700A08669 /* Release */ = {
			isa = XCBuildConfiguration;
			baseConfigurationReference = BE35F7C6406B04806A643CFB /* Pods-test_bitrise_app.release.xcconfig */;
			buildSettings = {
				ASSETCATALOG_COMPILER_APPICON_NAME = AppIcon;
				ASSETCATALOG_COMPILER_GLOBAL_ACCENT_COLOR_NAME = AccentColor;
				CODE_SIGN_ENTITLEMENTS = test_bitrise_app/test_bitrise_app.entitlements;
				CODE_SIGN_STYLE = Automatic;
				CURRENT_PROJECT_VERSION = 1;
				DEVELOPMENT_ASSET_PATHS = "\"test_bitrise_app/Preview Content\"";
				DEVELOPMENT_TEAM = 72TUWWKZYJ;
				ENABLE_HARDENED_RUNTIME = YES;
				ENABLE_PREVIEWS = YES;
				GENERATE_INFOPLIST_FILE = YES;
				"INFOPLIST_KEY_UIApplicationSceneManifest_Generation[sdk=iphoneos*]" = YES;
				"INFOPLIST_KEY_UIApplicationSceneManifest_Generation[sdk=iphonesimulator*]" = YES;
				"INFOPLIST_KEY_UIApplicationSupportsIndirectInputEvents[sdk=iphoneos*]" = YES;
				"INFOPLIST_KEY_UIApplicationSupportsIndirectInputEvents[sdk=iphonesimulator*]" = YES;
				"INFOPLIST_KEY_UILaunchScreen_Generation[sdk=iphoneos*]" = YES;
				"INFOPLIST_KEY_UILaunchScreen_Generation[sdk=iphonesimulator*]" = YES;
				"INFOPLIST_KEY_UIStatusBarStyle[sdk=iphoneos*]" = UIStatusBarStyleDefault;
				"INFOPLIST_KEY_UIStatusBarStyle[sdk=iphonesimulator*]" = UIStatusBarStyleDefault;
				INFOPLIST_KEY_UISupportedInterfaceOrientations_iPad = "UIInterfaceOrientationPortrait UIInterfaceOrientationPortraitUpsideDown UIInterfaceOrientationLandscapeLeft UIInterfaceOrientationLandscapeRight";
				INFOPLIST_KEY_UISupportedInterfaceOrientations_iPhone = "UIInterfaceOrientationPortrait UIInterfaceOrientationLandscapeLeft UIInterfaceOrientationLandscapeRight";
				IPHONEOS_DEPLOYMENT_TARGET = 16.4;
				LD_RUNPATH_SEARCH_PATHS = "@executable_path/Frameworks";
				"LD_RUNPATH_SEARCH_PATHS[sdk=macosx*]" = "@executable_path/../Frameworks";
				MACOSX_DEPLOYMENT_TARGET = 13.2;
				MARKETING_VERSION = 1.0;
				PRODUCT_BUNDLE_IDENTIFIER = "com.eazage.test-bitrise-app";
				PRODUCT_NAME = "$(TARGET_NAME)";
				SDKROOT = auto;
				SUPPORTED_PLATFORMS = "iphoneos iphonesimulator macosx";
				SWIFT_EMIT_LOC_STRINGS = YES;
				SWIFT_VERSION = 5.0;
				TARGETED_DEVICE_FAMILY = "1,2";
			};
			name = Release;
		};
		8B022C672A14086700A08669 /* Debug */ = {
			isa = XCBuildConfiguration;
			baseConfigurationReference = FFA100BDD3EA2F834E98660F /* Pods-test_bitrise_appTests.debug.xcconfig */;
			buildSettings = {
				ALWAYS_EMBED_SWIFT_STANDARD_LIBRARIES = YES;
				BUNDLE_LOADER = "$(TEST_HOST)";
				CODE_SIGN_STYLE = Automatic;
				CURRENT_PROJECT_VERSION = 1;
				DEVELOPMENT_TEAM = 72TUWWKZYJ;
				GENERATE_INFOPLIST_FILE = YES;
				IPHONEOS_DEPLOYMENT_TARGET = 16.4;
				MACOSX_DEPLOYMENT_TARGET = 13.2;
				MARKETING_VERSION = 1.0;
				PRODUCT_BUNDLE_IDENTIFIER = "com.eazage.test-bitrise-appTests";
				PRODUCT_NAME = "$(TARGET_NAME)";
				SDKROOT = auto;
				SUPPORTED_PLATFORMS = "iphoneos iphonesimulator macosx";
				SWIFT_EMIT_LOC_STRINGS = NO;
				SWIFT_VERSION = 5.0;
				TARGETED_DEVICE_FAMILY = "1,2";
				TEST_HOST = "$(BUILT_PRODUCTS_DIR)/test_bitrise_app.app/$(BUNDLE_EXECUTABLE_FOLDER_PATH)/test_bitrise_app";
			};
			name = Debug;
		};
		8B022C682A14086700A08669 /* Release */ = {
			isa = XCBuildConfiguration;
			baseConfigurationReference = F936E9A498019BB6CF94F25D /* Pods-test_bitrise_appTests.release.xcconfig */;
			buildSettings = {
				ALWAYS_EMBED_SWIFT_STANDARD_LIBRARIES = YES;
				BUNDLE_LOADER = "$(TEST_HOST)";
				CODE_SIGN_STYLE = Automatic;
				CURRENT_PROJECT_VERSION = 1;
				DEVELOPMENT_TEAM = 72TUWWKZYJ;
				GENERATE_INFOPLIST_FILE = YES;
				IPHONEOS_DEPLOYMENT_TARGET = 16.4;
				MACOSX_DEPLOYMENT_TARGET = 13.2;
				MARKETING_VERSION = 1.0;
				PRODUCT_BUNDLE_IDENTIFIER = "com.eazage.test-bitrise-appTests";
				PRODUCT_NAME = "$(TARGET_NAME)";
				SDKROOT = auto;
				SUPPORTED_PLATFORMS = "iphoneos iphonesimulator macosx";
				SWIFT_EMIT_LOC_STRINGS = NO;
				SWIFT_VERSION = 5.0;
				TARGETED_DEVICE_FAMILY = "1,2";
				TEST_HOST = "$(BUILT_PRODUCTS_DIR)/test_bitrise_app.app/$(BUNDLE_EXECUTABLE_FOLDER_PATH)/test_bitrise_app";
			};
			name = Release;
		};
		8B022C6A2A14086700A08669 /* Debug */ = {
			isa = XCBuildConfiguration;
			baseConfigurationReference = D498CD7BC17F49C81ED8A2F9 /* Pods-test_bitrise_app-test_bitrise_appUITests.debug.xcconfig */;
			buildSettings = {
				ALWAYS_EMBED_SWIFT_STANDARD_LIBRARIES = YES;
				CODE_SIGN_STYLE = Automatic;
				CURRENT_PROJECT_VERSION = 1;
				DEVELOPMENT_TEAM = 72TUWWKZYJ;
				GENERATE_INFOPLIST_FILE = YES;
				IPHONEOS_DEPLOYMENT_TARGET = 16.4;
				MACOSX_DEPLOYMENT_TARGET = 13.2;
				MARKETING_VERSION = 1.0;
				PRODUCT_BUNDLE_IDENTIFIER = "com.eazage.test-bitrise-appUITests";
				PRODUCT_NAME = "$(TARGET_NAME)";
				SDKROOT = auto;
				SUPPORTED_PLATFORMS = "iphoneos iphonesimulator macosx";
				SWIFT_EMIT_LOC_STRINGS = NO;
				SWIFT_VERSION = 5.0;
				TARGETED_DEVICE_FAMILY = "1,2";
				TEST_TARGET_NAME = test_bitrise_app;
			};
			name = Debug;
		};
		8B022C6B2A14086700A08669 /* Release */ = {
			isa = XCBuildConfiguration;
			baseConfigurationReference = AF752E86F73C9CE10819257A /* Pods-test_bitrise_app-test_bitrise_appUITests.release.xcconfig */;
			buildSettings = {
				ALWAYS_EMBED_SWIFT_STANDARD_LIBRARIES = YES;
				CODE_SIGN_STYLE = Automatic;
				CURRENT_PROJECT_VERSION = 1;
				DEVELOPMENT_TEAM = 72TUWWKZYJ;
				GENERATE_INFOPLIST_FILE = YES;
				IPHONEOS_DEPLOYMENT_TARGET = 16.4;
				MACOSX_DEPLOYMENT_TARGET = 13.2;
				MARKETING_VERSION = 1.0;
				PRODUCT_BUNDLE_IDENTIFIER = "com.eazage.test-bitrise-appUITests";
				PRODUCT_NAME = "$(TARGET_NAME)";
				SDKROOT = auto;
				SUPPORTED_PLATFORMS = "iphoneos iphonesimulator macosx";
				SWIFT_EMIT_LOC_STRINGS = NO;
				SWIFT_VERSION = 5.0;
				TARGETED_DEVICE_FAMILY = "1,2";
				TEST_TARGET_NAME = test_bitrise_app;
			};
			name = Release;
		};
/* End XCBuildConfiguration section */

/* Begin XCConfigurationList section */
		8B022C392A14086500A08669 /* Build configuration list for PBXProject "test_bitrise_app" */ = {
			isa = XCConfigurationList;
			buildConfigurations = (
				8B022C612A14086700A08669 /* Debug */,
				8B022C622A14086700A08669 /* Release */,
			);
			defaultConfigurationIsVisible = 0;
			defaultConfigurationName = Release;
		};
		8B022C632A14086700A08669 /* Build configuration list for PBXNativeTarget "test_bitrise_app" */ = {
			isa = XCConfigurationList;
			buildConfigurations = (
				8B022C642A14086700A08669 /* Debug */,
				8B022C652A14086700A08669 /* Release */,
			);
			defaultConfigurationIsVisible = 0;
			defaultConfigurationName = Release;
		};
		8B022C662A14086700A08669 /* Build configuration list for PBXNativeTarget "test_bitrise_appTests" */ = {
			isa = XCConfigurationList;
			buildConfigurations = (
				8B022C672A14086700A08669 /* Debug */,
				8B022C682A14086700A08669 /* Release */,
			);
			defaultConfigurationIsVisible = 0;
			defaultConfigurationName = Release;
		};
		8B022C692A14086700A08669 /* Build configuration list for PBXNativeTarget "test_bitrise_appUITests" */ = {
			isa = XCConfigurationList;
			buildConfigurations = (
				8B022C6A2A14086700A08669 /* Debug */,
				8B022C6B2A14086700A08669 /* Release */,
			);
			defaultConfigurationIsVisible = 0;
			defaultConfigurationName = Release;
		};
/* End XCConfigurationList section */
	};
	rootObject = 8B022C362A14086500A08669 /* Project object */;
}
